
Microsoft Visual Studio Solution File, Format Version 12.00
# Visual Studio 15
VisualStudioVersion = 15.0.27703.2035
MinimumVisualStudioVersion = 10.0.40219.1
Project("{9A19103F-16F7-4668-BE54-9A1E7A4F7556}") = "Maptz.CliTools.TimeCodeDocument.Parser.Engine", "Maptz.CliTools.TimeCodeDocument.Parser.Engine\Maptz.CliTools.TimeCodeDocument.Parser.Engine.csproj", "{7A009785-CC38-4219-8A79-999B743D0D7A}"
EndProject
Project("{9A19103F-16F7-4668-BE54-9A1E7A4F7556}") = "Maptz.CliTools.TimeCodeDocument.Parser.Engine.Tests", "Maptz.CliTools.TimeCodeDocument.Parser.Engine.Tests\Maptz.CliTools.TimeCodeDocument.Parser.Engine.Tests.csproj", "{CBAB90D4-2DAA-4C36-9C22-702BDBB6CF0B}"
EndProject
Project("{9A19103F-16F7-4668-BE54-9A1E7A4F7556}") = "Maptz.CliTools.TimeCodeDocument.Parser.Tool", "Maptz.CliTools.TimeCodeDocument.Parser.Tool\Maptz.CliTools.TimeCodeDocument.Parser.Tool.csproj", "{0120CB8E-ADB2-4335-ADA6-6EE558096982}"
EndProject
Project("{9A19103F-16F7-4668-BE54-9A1E7A4F7556}") = "Maptz.CliTools.TimeCodeDocument.Parser.Tool.Tests", "Maptz.CliTools.TimeCodeDocument.Parser.Tool.Tests\Maptz.CliTools.TimeCodeDocument.Parser.Tool.Tests.csproj", "{CC962DC1-32BD-4330-B581-D4E1151ACF20}"
EndProject
Global
	GlobalSection(SolutionConfigurationPlatforms) = preSolution
		Debug|Any CPU = Debug|Any CPU
		Release|Any CPU = Release|Any CPU
	EndGlobalSection
	GlobalSection(ProjectConfigurationPlatforms) = postSolution
		{7A009785-CC38-4219-8A79-999B743D0D7A}.Debug|Any CPU.ActiveCfg = Debug|Any CPU
		{7A009785-CC38-4219-8A79-999B743D0D7A}.Debug|Any CPU.Build.0 = Debug|Any CPU
		{7A009785-CC38-4219-8A79-999B743D0D7A}.Release|Any CPU.ActiveCfg = Release|Any CPU
		{7A009785-CC38-4219-8A79-999B743D0D7A}.Release|Any CPU.Build.0 = Release|Any CPU
		{CBAB90D4-2DAA-4C36-9C22-702BDBB6CF0B}.Debug|Any CPU.ActiveCfg = Debug|Any CPU
		{CBAB90D4-2DAA-4C36-9C22-702BDBB6CF0B}.Debug|Any CPU.Build.0 = Debug|Any CPU
		{CBAB90D4-2DAA-4C36-9C22-702BDBB6CF0B}.Release|Any CPU.ActiveCfg = Release|Any CPU
		{CBAB90D4-2DAA-4C36-9C22-702BDBB6CF0B}.Release|Any CPU.Build.0 = Release|Any CPU
		{0120CB8E-ADB2-4335-ADA6-6EE558096982}.Debug|Any CPU.ActiveCfg = Debug|Any CPU
		{0120CB8E-ADB2-4335-ADA6-6EE558096982}.Debug|Any CPU.Build.0 = Debug|Any CPU
		{0120CB8E-ADB2-4335-ADA6-6EE558096982}.Release|Any CPU.ActiveCfg = Release|Any CPU
		{0120CB8E-ADB2-4335-ADA6-6EE558096982}.Release|Any CPU.Build.0 = Release|Any CPU
		{CC962DC1-32BD-4330-B581-D4E1151ACF20}.Debug|Any CPU.ActiveCfg = Debug|Any CPU
		{CC962DC1-32BD-4330-B581-D4E1151ACF20}.Debug|Any CPU.Build.0 = Debug|Any CPU
		{CC962DC1-32BD-4330-B581-D4E1151ACF20}.Release|Any CPU.ActiveCfg = Release|Any CPU
		{CC962DC1-32BD-4330-B581-D4E1151ACF20}.Release|Any CPU.Build.0 = Release|Any CPU
	EndGlobalSection
	GlobalSection(SolutionProperties) = preSolution
		HideSolutionNode = FALSE
	EndGlobalSection
	GlobalSection(ExtensibilityGlobals) = postSolution
		SolutionGuid = {95D5E986-F1C3-4481-9688-957C26F97919}
	EndGlobalSection
EndGlobal
