
Microsoft Visual Studio Solution File, Format Version 12.00
# Visual Studio Version 16
VisualStudioVersion = 16.0.29001.49
MinimumVisualStudioVersion = 10.0.40219.1
Project("{9A19103F-16F7-4668-BE54-9A1E7A4F7556}") = "Maptz.CliTools.TimeCodeDocument.Parser.Engine", "Maptz.CliTools.TimeCodeDocument.Parser.Engine\Maptz.CliTools.TimeCodeDocument.Parser.Engine.csproj", "{7A009785-CC38-4219-8A79-999B743D0D7A}"
EndProject
Project("{9A19103F-16F7-4668-BE54-9A1E7A4F7556}") = "Maptz.CliTools.TimeCodeDocument.Parser.Engine.Tests", "Maptz.CliTools.TimeCodeDocument.Parser.Engine.Tests\Maptz.CliTools.TimeCodeDocument.Parser.Engine.Tests.csproj", "{CBAB90D4-2DAA-4C36-9C22-702BDBB6CF0B}"
EndProject
Project("{9A19103F-16F7-4668-BE54-9A1E7A4F7556}") = "Maptz.CliTools.TimeCodeDocument.Parser.Tool", "Maptz.CliTools.TimeCodeDocument.Parser.Tool\Maptz.CliTools.TimeCodeDocument.Parser.Tool.csproj", "{0120CB8E-ADB2-4335-ADA6-6EE558096982}"
EndProject
Project("{9A19103F-16F7-4668-BE54-9A1E7A4F7556}") = "Maptz.CliTools.TimeCodeDocument.Parser.Tool.Tests", "Maptz.CliTools.TimeCodeDocument.Parser.Tool.Tests\Maptz.CliTools.TimeCodeDocument.Parser.Tool.Tests.csproj", "{CC962DC1-32BD-4330-B581-D4E1151ACF20}"
EndProject
Project("{9A19103F-16F7-4668-BE54-9A1E7A4F7556}") = "Maptz.Editing.TimeCodeDocuments.Base", "..\..\..\netcorelibs\maptz.editing.timecodedocuments\src\Maptz.Editing.TimecodeDocuments.Base\Maptz.Editing.TimeCodeDocuments.Base.csproj", "{A4E0EB05-B3A6-4D12-BCF9-520DF918B65C}"
EndProject
Project("{2150E333-8FDC-42A3-9474-1A3956D46DE8}") = "External Libraries", "External Libraries", "{5D4DE369-C59D-44C6-B816-E09E20FDB452}"
EndProject
Project("{9A19103F-16F7-4668-BE54-9A1E7A4F7556}") = "Maptz.Editing.TimeCodeDocuments.Converters.All", "..\..\..\netcorelibs\maptz.editing.timecodedocuments\src\Maptz.Editing.TimeCodeDocuments.Converters.All\Maptz.Editing.TimeCodeDocuments.Converters.All.csproj", "{B41D8BEE-2A50-4DE9-8E5C-F9B7FF448DD6}"
EndProject
Project("{9A19103F-16F7-4668-BE54-9A1E7A4F7556}") = "Maptz.Editing.TimeCodeDocuments.Converters.Avid", "..\..\..\netcorelibs\maptz.editing.timecodedocuments\src\Maptz.Editing.TimeCodeDocuments.Converters.Avid\Maptz.Editing.TimeCodeDocuments.Converters.Avid.csproj", "{56BD82F4-5C91-4236-80DF-B98653A06CC4}"
EndProject
Project("{9A19103F-16F7-4668-BE54-9A1E7A4F7556}") = "Maptz.Editing.TimeCodeDocuments.Converters.Base", "..\..\..\netcorelibs\maptz.editing.timecodedocuments\src\Maptz.Editing.TimecodeDocuments.Converters.Base\Maptz.Editing.TimeCodeDocuments.Converters.Base.csproj", "{48E946F4-00EF-432D-B25D-F8C478035CF1}"
EndProject
Project("{9A19103F-16F7-4668-BE54-9A1E7A4F7556}") = "Maptz.Editing.TimeCodeDocuments.Converters.FinalCutPro", "..\..\..\netcorelibs\maptz.editing.timecodedocuments\src\Maptz.Editing.TimeCodeDocuments.Converters.FinalCutPro\Maptz.Editing.TimeCodeDocuments.Converters.FinalCutPro.csproj", "{A52483DA-227C-4509-934F-7FA253A71045}"
EndProject
Project("{9A19103F-16F7-4668-BE54-9A1E7A4F7556}") = "Maptz.Editing.TimeCodeDocuments.Converters.Misc", "..\..\..\netcorelibs\maptz.editing.timecodedocuments\src\Maptz.Editing.TimeCodeDocuments.Converters.Misc\Maptz.Editing.TimeCodeDocuments.Converters.Misc.csproj", "{FAF61121-318F-4AD0-9E97-02465BCF678C}"
EndProject
Project("{9A19103F-16F7-4668-BE54-9A1E7A4F7556}") = "Maptz.Editing.TimeCodeDocuments.Converters.PlainText", "..\..\..\netcorelibs\maptz.editing.timecodedocuments\src\Maptz.Editing.TimeCodeDocuments.Converters.PlainText\Maptz.Editing.TimeCodeDocuments.Converters.PlainText.csproj", "{40E8BD3D-5A7E-400C-9542-4598729E334C}"
EndProject
Global
	GlobalSection(SolutionConfigurationPlatforms) = preSolution
		Debug|Any CPU = Debug|Any CPU
		Release|Any CPU = Release|Any CPU
	EndGlobalSection
	GlobalSection(ProjectConfigurationPlatforms) = postSolution
		{7A009785-CC38-4219-8A79-999B743D0D7A}.Debug|Any CPU.ActiveCfg = Debug|Any CPU
		{7A009785-CC38-4219-8A79-999B743D0D7A}.Debug|Any CPU.Build.0 = Debug|Any CPU
		{7A009785-CC38-4219-8A79-999B743D0D7A}.Release|Any CPU.ActiveCfg = Release|Any CPU
		{7A009785-CC38-4219-8A79-999B743D0D7A}.Release|Any CPU.Build.0 = Release|Any CPU
		{CBAB90D4-2DAA-4C36-9C22-702BDBB6CF0B}.Debug|Any CPU.ActiveCfg = Debug|Any CPU
		{CBAB90D4-2DAA-4C36-9C22-702BDBB6CF0B}.Debug|Any CPU.Build.0 = Debug|Any CPU
		{CBAB90D4-2DAA-4C36-9C22-702BDBB6CF0B}.Release|Any CPU.ActiveCfg = Release|Any CPU
		{CBAB90D4-2DAA-4C36-9C22-702BDBB6CF0B}.Release|Any CPU.Build.0 = Release|Any CPU
		{0120CB8E-ADB2-4335-ADA6-6EE558096982}.Debug|Any CPU.ActiveCfg = Debug|Any CPU
		{0120CB8E-ADB2-4335-ADA6-6EE558096982}.Debug|Any CPU.Build.0 = Debug|Any CPU
		{0120CB8E-ADB2-4335-ADA6-6EE558096982}.Release|Any CPU.ActiveCfg = Release|Any CPU
		{0120CB8E-ADB2-4335-ADA6-6EE558096982}.Release|Any CPU.Build.0 = Release|Any CPU
		{CC962DC1-32BD-4330-B581-D4E1151ACF20}.Debug|Any CPU.ActiveCfg = Debug|Any CPU
		{CC962DC1-32BD-4330-B581-D4E1151ACF20}.Debug|Any CPU.Build.0 = Debug|Any CPU
		{CC962DC1-32BD-4330-B581-D4E1151ACF20}.Release|Any CPU.ActiveCfg = Release|Any CPU
		{CC962DC1-32BD-4330-B581-D4E1151ACF20}.Release|Any CPU.Build.0 = Release|Any CPU
		{A4E0EB05-B3A6-4D12-BCF9-520DF918B65C}.Debug|Any CPU.ActiveCfg = Debug|Any CPU
		{A4E0EB05-B3A6-4D12-BCF9-520DF918B65C}.Debug|Any CPU.Build.0 = Debug|Any CPU
		{A4E0EB05-B3A6-4D12-BCF9-520DF918B65C}.Release|Any CPU.ActiveCfg = Release|Any CPU
		{A4E0EB05-B3A6-4D12-BCF9-520DF918B65C}.Release|Any CPU.Build.0 = Release|Any CPU
		{B41D8BEE-2A50-4DE9-8E5C-F9B7FF448DD6}.Debug|Any CPU.ActiveCfg = Debug|Any CPU
		{B41D8BEE-2A50-4DE9-8E5C-F9B7FF448DD6}.Debug|Any CPU.Build.0 = Debug|Any CPU
		{B41D8BEE-2A50-4DE9-8E5C-F9B7FF448DD6}.Release|Any CPU.ActiveCfg = Release|Any CPU
		{B41D8BEE-2A50-4DE9-8E5C-F9B7FF448DD6}.Release|Any CPU.Build.0 = Release|Any CPU
		{56BD82F4-5C91-4236-80DF-B98653A06CC4}.Debug|Any CPU.ActiveCfg = Debug|Any CPU
		{56BD82F4-5C91-4236-80DF-B98653A06CC4}.Debug|Any CPU.Build.0 = Debug|Any CPU
		{56BD82F4-5C91-4236-80DF-B98653A06CC4}.Release|Any CPU.ActiveCfg = Release|Any CPU
		{56BD82F4-5C91-4236-80DF-B98653A06CC4}.Release|Any CPU.Build.0 = Release|Any CPU
		{48E946F4-00EF-432D-B25D-F8C478035CF1}.Debug|Any CPU.ActiveCfg = Debug|Any CPU
		{48E946F4-00EF-432D-B25D-F8C478035CF1}.Debug|Any CPU.Build.0 = Debug|Any CPU
		{48E946F4-00EF-432D-B25D-F8C478035CF1}.Release|Any CPU.ActiveCfg = Release|Any CPU
		{48E946F4-00EF-432D-B25D-F8C478035CF1}.Release|Any CPU.Build.0 = Release|Any CPU
		{A52483DA-227C-4509-934F-7FA253A71045}.Debug|Any CPU.ActiveCfg = Debug|Any CPU
		{A52483DA-227C-4509-934F-7FA253A71045}.Debug|Any CPU.Build.0 = Debug|Any CPU
		{A52483DA-227C-4509-934F-7FA253A71045}.Release|Any CPU.ActiveCfg = Release|Any CPU
		{A52483DA-227C-4509-934F-7FA253A71045}.Release|Any CPU.Build.0 = Release|Any CPU
		{FAF61121-318F-4AD0-9E97-02465BCF678C}.Debug|Any CPU.ActiveCfg = Debug|Any CPU
		{FAF61121-318F-4AD0-9E97-02465BCF678C}.Debug|Any CPU.Build.0 = Debug|Any CPU
		{FAF61121-318F-4AD0-9E97-02465BCF678C}.Release|Any CPU.ActiveCfg = Release|Any CPU
		{FAF61121-318F-4AD0-9E97-02465BCF678C}.Release|Any CPU.Build.0 = Release|Any CPU
		{40E8BD3D-5A7E-400C-9542-4598729E334C}.Debug|Any CPU.ActiveCfg = Debug|Any CPU
		{40E8BD3D-5A7E-400C-9542-4598729E334C}.Debug|Any CPU.Build.0 = Debug|Any CPU
		{40E8BD3D-5A7E-400C-9542-4598729E334C}.Release|Any CPU.ActiveCfg = Release|Any CPU
		{40E8BD3D-5A7E-400C-9542-4598729E334C}.Release|Any CPU.Build.0 = Release|Any CPU
	EndGlobalSection
	GlobalSection(SolutionProperties) = preSolution
		HideSolutionNode = FALSE
	EndGlobalSection
	GlobalSection(NestedProjects) = preSolution
		{A4E0EB05-B3A6-4D12-BCF9-520DF918B65C} = {5D4DE369-C59D-44C6-B816-E09E20FDB452}
		{B41D8BEE-2A50-4DE9-8E5C-F9B7FF448DD6} = {5D4DE369-C59D-44C6-B816-E09E20FDB452}
		{56BD82F4-5C91-4236-80DF-B98653A06CC4} = {5D4DE369-C59D-44C6-B816-E09E20FDB452}
		{48E946F4-00EF-432D-B25D-F8C478035CF1} = {5D4DE369-C59D-44C6-B816-E09E20FDB452}
		{A52483DA-227C-4509-934F-7FA253A71045} = {5D4DE369-C59D-44C6-B816-E09E20FDB452}
		{FAF61121-318F-4AD0-9E97-02465BCF678C} = {5D4DE369-C59D-44C6-B816-E09E20FDB452}
		{40E8BD3D-5A7E-400C-9542-4598729E334C} = {5D4DE369-C59D-44C6-B816-E09E20FDB452}
	EndGlobalSection
	GlobalSection(ExtensibilityGlobals) = postSolution
		SolutionGuid = {95D5E986-F1C3-4481-9688-957C26F97919}
	EndGlobalSection
EndGlobal
